---
lockfileVersion: '9.0'

importers:

  .:
    configDependencies: {}
    packageManagerDependencies:
      pnpm:
        specifier: 12.9.1
        version: 12.9.1

packages:

  '@pnpm/exe.android-arm64@12.9.1':
    resolution: {integrity: sha512-Hgm1XdqMTfBC8PdGLL+NjZWv4xyi7D6XNrN9fb24XGYlyTBmUtdCefKnCLmHujShRD8BEO1zqM30SNcKBDLysw==}
    cpu: [arm64]
    os: [android]

  '@pnpm/exe.android-x64@12.9.1':
    resolution: {integrity: sha512-WDGCe6jZRVZP3RC/q6hOkZylkPkIQIi1/GcrR/d/YzbihhAHXCczrk+UYnV5TgbsEnAYO7Cx+2rX3nfhHvy24w==}
    cpu: [x64]
    os: [android]

  '@pnpm/exe.darwin-arm64@12.9.1':
    resolution: {integrity: sha512-+7iiEEBgYN9szPWUnAuN6eOVMTI6Hrki5bcuC9n9xl9tTnT53Tpxpo45Hml+W4IrAU0d+Tmd0sPnVIbX59PD6w==}
    cpu: [arm64]
    os: [darwin]

  '@pnpm/exe.darwin-x64@12.9.1':
    resolution: {integrity: sha512-SK7TxJiR12GbJZGffRFHItkc+Mx+99v6xMMJ9/X//8NwWV1wo17a2bwfGI8qZpl17YwsrmPEFOOqhzE1GIlrtQ==}
    cpu: [x64]
    os: [darwin]

  '@pnpm/exe.freebsd-x64@12.9.1':
    resolution: {integrity: sha512-4AjLk6uvTs2iO6wMit2hcxJ2M32xb7OV5SNFk+w6G8/NzcjcMB7ENEpyeXyLiP0kcnp8uaCGUct2NfrLCJ35eQ==}
    cpu: [x64]
    os: [freebsd]

  '@pnpm/exe.linux-arm64-musl@12.9.1':
    resolution: {integrity: sha512-dZL2ES1ckDWM9v+EtxoOklZ0WNdtayooi9iLiDUubopudX3zXPNR2mlrxBRgjbDgECOndQen2SmyxL5eZiBuKw==}
    cpu: [arm64]
    os: [linux]
    libc: [musl]

  '@pnpm/exe.linux-arm64@12.9.1':
    resolution: {integrity: sha512-cx+uF6xqwEtm7B8NV+1ve0xBg9gcuzQZ5R+0WgOWvKG/h978UljS6BgWs1ipIGuGgUdeVhm3PKmBltXIcczLXA==}
    cpu: [arm64]
    os: [linux]
    libc: [glibc]

  '@pnpm/exe.linux-ppc64@12.9.1':
    resolution: {integrity: sha512-MpjPsy4XR17zAtLziQZfsN+wveWa/bUJggZtwfo3+SuyRmXnSvVkFD4+v8/3RTWyYaM6mwLUTjZDJ+g3urL+ew==}
    cpu: [ppc64]
    os: [linux]
    libc: [glibc]

  '@pnpm/exe.linux-riscv64@12.9.1':
    resolution: {integrity: sha512-Oo67TKqqH+Bno+L6X7Xyorwp1QG82zKIkL0vbo1x2kcPTDiyPbdM+d6lIs4+hzeB1KHT5FDoGzZj2dad7Ft+eg==}
    cpu: [riscv64]
    os: [linux]
    libc: [glibc]

  '@pnpm/exe.linux-s390x@12.9.1':
    resolution: {integrity: sha512-QAD5FRCdW36HfD58BV7DoDm6z8yv+GgSqcUV1+ERwYjpVQuG6ZTpf5o0x3KDas8eTLIW7MLYVdDdlAurWeArEg==}
    cpu: [s390x]
    os: [linux]
    libc: [glibc]

  '@pnpm/exe.linux-x64-musl@12.9.1':
    resolution: {integrity: sha512-mQDhBsGqcTkrLQM4q5igmRFcr6EAl4UM/FGawY+0CWGcqPpUmYUvDy9LHy80xxkHIWVJ886gvvso2XOjfav1Jw==}
    cpu: [x64]
    os: [linux]
    libc: [musl]

  '@pnpm/exe.linux-x64@12.9.1':
    resolution: {integrity: sha512-+M5N74hM4fc87AAckxx/UIW+dUnWf2eko+HchJs/NZUxehLhekNyMI/GNaNXlvd+kWR+97XXBD51XRkkNiUtrA==}
    cpu: [x64]
    os: [linux]
    libc: [glibc]

  '@pnpm/exe.win32-arm64@12.9.1':
    resolution: {integrity: sha512-mI28C2wxobrDi6x1OYhBRyG10hnDq/4sEIyy5RzoX6LB4kLuv6K/d25HOpMwlW20cuM4M72k9NZpOdcmUxMbEA==}
    cpu: [arm64]
    os: [win32]

  '@pnpm/exe.win32-x64@12.9.1':
    resolution: {integrity: sha512-SWoDMT0oD7NrDSIoPpkKD09D9fAQKNjwFZ3lezlCUhAfXxMv70zsfrNT2/P+GoCK2kefXF9OysUZkH1l5vvvfA==}
    cpu: [x64]
    os: [win32]

  pnpm@12.9.1:
    resolution: {integrity: sha512-BrBV//XNINwSeB3hc87TMQzglRvy7GICEaFgRdVETVyTpmMhB2TvKaZTphBFm6A2jw50+E2AxUcjz5Wq57wNbQ==}
    engines: {node: '>=18.*'}
    hasBin: true

snapshots:

  '@pnpm/exe.android-arm64@12.9.1':
    optional: true

  '@pnpm/exe.android-x64@12.9.1':
    optional: true

  '@pnpm/exe.darwin-arm64@12.9.1':
    optional: true

  '@pnpm/exe.darwin-x64@12.9.1':
    optional: true

  '@pnpm/exe.freebsd-x64@12.9.1':
    optional: true

  '@pnpm/exe.linux-arm64-musl@12.9.1':
    optional: true

  '@pnpm/exe.linux-arm64@12.9.1':
    optional: true

  '@pnpm/exe.linux-ppc64@12.9.1':
    optional: true

  '@pnpm/exe.linux-riscv64@12.9.1':
    optional: true

  '@pnpm/exe.linux-s390x@12.9.1':
    optional: true

  '@pnpm/exe.linux-x64-musl@12.9.1':
    optional: true

  '@pnpm/exe.linux-x64@12.9.1':
    optional: true

  '@pnpm/exe.win32-arm64@12.9.1':
    optional: true

  '@pnpm/exe.win32-x64@12.9.1':
    optional: true

  pnpm@12.9.1:
    optionalDependencies:
      '@pnpm/exe.android-arm64': 12.9.1
      '@pnpm/exe.android-x64': 12.9.1
      '@pnpm/exe.darwin-arm64': 12.9.1
      '@pnpm/exe.darwin-x64': 12.9.1
      '@pnpm/exe.freebsd-x64': 12.9.1
      '@pnpm/exe.linux-arm64': 12.9.1
      '@pnpm/exe.linux-arm64-musl': 12.9.1
      '@pnpm/exe.linux-ppc64': 12.9.1
      '@pnpm/exe.linux-riscv64': 12.9.1
      '@pnpm/exe.linux-s390x': 12.9.1
      '@pnpm/exe.linux-x64': 12.9.1
      '@pnpm/exe.linux-x64-musl': 12.9.1
      '@pnpm/exe.win32-arm64': 12.9.1
      '@pnpm/exe.win32-x64': 12.9.1

---
lockfileVersion: '9.0'

settings:
  autoInstallPeers: true
  excludeLinksFromLockfile: false

importers:

  .:
    dependencies:
      '@vercel/functions':
        specifier: 3.9.11
        version: 3.9.11

packages:

  '@vercel/cli-config@0.3.1':
    resolution: {integrity: sha512-sISbygqlFXYb8qfPu/+2Cf/A8IjrlAuZePdag3EDQr2PRA455s7UZtl9Ro674CWsB/saBRmz3jEkw0YsQs8OoQ==}

  '@vercel/cli-exec@1.0.1':
    resolution: {integrity: sha512-g9XerViJ/paZujufXYcu5XYI2vU2rtB4sgdpjUHde5RnOkdmpu0ngH46LCFGHoPXO/C+qDPSczIHIRN+8Q2YKQ==}
    engines: {node: '>= 18'}

  '@vercel/functions@3.9.11':
    resolution: {integrity: sha512-DbqKqcbUHGBTYgHZieSNDuF1/L2iSPZV0OGm0Xkm/t+s61lFk4VX8yGQ22Og3WYGxypW1l4Elx1NP8BL928u8Q==}
    engines: {node: '>= 20'}
    peerDependencies:
      '@aws-sdk/credential-provider-web-identity': '*'
      ws: '>=8'
    peerDependenciesMeta:
      '@aws-sdk/credential-provider-web-identity':
        optional: true
      ws:
        optional: true

  '@vercel/oidc@4.0.0':
    resolution: {integrity: sha512-ko6ATeRUlHZMB5hLFdC7+/Q1dI2f3NX3gZHxtpALdkxurwjD5HFHGWYF+4o+4SF0E47jg6KzcHknmRpHcKgJ5A==}
    engines: {node: '>= 20'}

  cross-spawn@7.0.6:
    resolution: {integrity: sha512-uV2QOWP2nWzsy2aMp8aRibhi9dlzF5Hgh5SHaB9OiTGEyDTiJJyx0uy51QXdyWbtAHNua4XJzUKca3OzKUd3vA==}
    engines: {node: '>= 8'}

  execa@5.1.1:
    resolution: {integrity: sha512-8uSpZZocAZRBAPIEINJj3Lo9HyGitllczc27Eh5YYojjMFMn8yHMDMaUHE2Jqfq05D/wucwI4JGURyXt1vchyg==}
    engines: {node: '>=10'}

  get-stream@6.0.1:
    resolution: {integrity: sha512-ts6Wi+2j3jQjqi70w5AlN8DFnkSwC+MqmxEzdEALB2qXZYV3X/b1CTfgPLGJNMeAWxdPfU8FO1ms3NUfaHCPYg==}
    engines: {node: '>=10'}

  human-signals@2.1.0:
    resolution: {integrity: sha512-B4FFZ6q/T2jhhksgkbEW3HBvWIfDW85snkQgawt07S7J5QXTk6BkNV+0yAeZrM5QpMAdYlocGoljn0sJ/WQkFw==}
    engines: {node: '>=10.17.0'}

  is-stream@2.0.1:
    resolution: {integrity: sha512-hFoiJiTl63nn+kstHGBtewWSKnQLpyb155KHheA1l39uvtO9nWIop1p3udqPcUd/xbF1VLMO4n7OI6p7RbngDg==}
    engines: {node: '>=8'}

  isexe@2.0.0:
    resolution: {integrity: sha512-RHxMLp9lnKHGHRng9QFhRCMbYAcVpn69smSGcq3f36xjgVVWThj4qqLbTLlq7Ssj8B+fIQ1EuCEGI2lKsyQeIw==}

  jose@5.10.0:
    resolution: {integrity: sha512-s+3Al/p9g32Iq+oqXxkW//7jk2Vig6FF1CFqzVXoTUXt2qz89YWbL+OwS17NFYEvxC35n0FKeGO2LGYSxeM2Gg==}

  merge-stream@2.0.0:
    resolution: {integrity: sha512-abv/qOcuPfk3URPfDzmZU1LKmuw8kT+0nIHvKrKgFrwifol/doWcdA4ZqsWQ8ENrFKkd67Mfpo/LovbIUsbt3w==}

  mimic-fn@2.1.0:
    resolution: {integrity: sha512-OqbOk5oEQeAZ8WXWydlu9HJjz9WVdEIvamMCcXmuqUYjTknH/sqsWvhQ3vgwKFRR1HpjvNBKQ37nbJgYzGqGcg==}
    engines: {node: '>=6'}

  npm-run-path@4.0.1:
    resolution: {integrity: sha512-S48WzZW777zhNIrn7gxOlISNAqi9ZC/uQFnRdbeIHhZhCA6UqpkOT8T1G7BvfdgP4Er8gF4sUbaS0i7QvIfCWw==}
    engines: {node: '>=8'}

  onetime@5.1.2:
    resolution: {integrity: sha512-kbpaSSGJTWdAY5KPVeMOKXSrPtr8C8C7wodJbcsd51jRnmD+GZu8Y0VoU6Dm5Z4vWr0Ig/1NKuWRKf7j5aaYSg==}
    engines: {node: '>=6'}

  os-paths@4.4.0:
    resolution: {integrity: sha512-wrAwOeXp1RRMFfQY8Sy7VaGVmPocaLwSFOYCGKSyo8qmJ+/yaafCl5BCA1IQZWqFSRBrKDYFeR9d/VyQzfH/jg==}
    engines: {node: '>= 6.0'}

  path-key@3.1.1:
    resolution: {integrity: sha512-ojmeN0qd+y0jszEtoY48r0Peq5dwMEkIlCOu6Q5f41lfkswXuKtYrhgoTpLnyIcHm24Uhqx+5Tqm2InSwLhE6Q==}
    engines: {node: '>=8'}

  shebang-command@2.0.0:
    resolution: {integrity: sha512-kHxr2zZpYtdmrN1qDjrrX/Z1rR1kG8Dx+gkpK1G4eXmvXswmcE1hTWBWYUzlraYw1/yZp6YuDY77YtvbN0dmDA==}
    engines: {node: '>=8'}

  shebang-regex@3.0.0:
    resolution: {integrity: sha512-7++dFhtcx3353uBaq8DDR4NuxBetBzC7ZQOhmTQInHEd6bSrXdiEyzCvG07Z44UYdLShWUyXt5M/yhz8ekcb1A==}
    engines: {node: '>=8'}

  signal-exit@3.0.7:
    resolution: {integrity: sha512-wnD2ZE+l+SPC/uoS0vXeE9L1+0wuaMqKlfz9AMUo38JsyLSBWSFcHR1Rri62LZc12vLr1gb3jl7iwQhgwpAbGQ==}

  strip-final-newline@2.0.0:
    resolution: {integrity: sha512-BrpvfNAE3dcvq7ll3xVumzjKjZQ5tI1sEUIKr3Uoks0XUl45St3FlatVqef9prk4jRDzhW6WZg+3bk93y6pLjA==}
    engines: {node: '>=6'}

  which@2.0.2:
    resolution: {integrity: sha512-BLI3Tl1TW3Pvl70l3yq3Y64i+awpwXqsGBYWkkqMtnbXgrMD+yj7rhW0kuEDxzJaYXGjEW5ogapKNMEKNMjibA==}
    engines: {node: '>= 8'}
    hasBin: true

  xdg-app-paths@5.5.1:
    resolution: {integrity: sha512-hI3flOB4PLZIy5prbtTpirobtPE2ZtZ52szO+2mM9Efp6ErM398La+C1lIpNWDfNoQk+6Lsi6nMcCwVB7pxeMQ==}
    engines: {node: '>= 6.0'}

  xdg-portable@7.3.0:
    resolution: {integrity: sha512-sqMMuL1rc0FmMBOzCpd0yuy9trqF2yTTVe+E9ogwCSWQCdDEtQUwrZPT6AxqtsFGRNxycgncbP/xmOOSPw5ZUw==}
    engines: {node: '>= 6.0'}

  zod@4.1.11:
    resolution: {integrity: sha512-WPsqwxITS2tzx1bzhIKsEs19ABD5vmCVa4xBo2tq/SrV4RNZtfws1EnCWQXM6yh8bD08a1idvkB5MZSBiZsjwg==}

snapshots:

  '@vercel/cli-config@0.3.1':
    dependencies:
      xdg-app-paths: 5.5.1
      zod: 4.1.11

  '@vercel/cli-exec@1.0.1':
    dependencies:
      execa: 5.1.1

  '@vercel/functions@3.9.11':
    dependencies:
      '@vercel/oidc': 4.0.0

  '@vercel/oidc@4.0.0':
    dependencies:
      '@vercel/cli-config': 0.3.1
      '@vercel/cli-exec': 1.0.1
      jose: 5.10.0

  cross-spawn@7.0.6:
    dependencies:
      path-key: 3.1.1
      shebang-command: 2.0.0
      which: 2.0.2

  execa@5.1.1:
    dependencies:
      cross-spawn: 7.0.6
      get-stream: 6.0.1
      human-signals: 2.1.0
      is-stream: 2.0.1
      merge-stream: 2.0.0
      npm-run-path: 4.0.1
      onetime: 5.1.2
      signal-exit: 3.0.7
      strip-final-newline: 2.0.0

  get-stream@6.0.1: {}

  human-signals@2.1.0: {}

  is-stream@2.0.1: {}

  isexe@2.0.0: {}

  jose@5.10.0: {}

  merge-stream@2.0.0: {}

  mimic-fn@2.1.0: {}

  npm-run-path@4.0.1:
    dependencies:
      path-key: 3.1.1

  onetime@5.1.2:
    dependencies:
      mimic-fn: 2.1.0

  os-paths@4.4.0: {}

  path-key@3.1.1: {}

  shebang-command@2.0.0:
    dependencies:
      shebang-regex: 3.0.0

  shebang-regex@3.0.0: {}

  signal-exit@3.0.7: {}

  strip-final-newline@2.0.0: {}

  which@2.0.2:
    dependencies:
      isexe: 2.0.0

  xdg-app-paths@5.5.1:
    dependencies:
      os-paths: 4.4.0
      xdg-portable: 7.3.0

  xdg-portable@7.3.0:
    dependencies:
      os-paths: 4.4.0

  zod@4.1.11: {}
